// !$*UTF8*$!
{
	archiveVersion = 1;
	classes = {
	};
	objectVersion = 46;
	objects = {

/* Begin PBXBuildFile section */
		D52F911F195F2085007A08E1 /* AppDelegate.swift in Sources */ = {isa = PBXBuildFile; fileRef = D52F911E195F2085007A08E1 /* AppDelegate.swift */; };
		D52F9121195F2085007A08E1 /* MapViewController.swift in Sources */ = {isa = PBXBuildFile; fileRef = D52F9120195F2085007A08E1 /* MapViewController.swift */; };
		D52F9124195F2085007A08E1 /* Main.storyboard in Resources */ = {isa = PBXBuildFile; fileRef = D52F9122195F2085007A08E1 /* Main.storyboard */; };
		D52F9126195F2085007A08E1 /* Images.xcassets in Resources */ = {isa = PBXBuildFile; fileRef = D52F9125195F2085007A08E1 /* Images.xcassets */; };
		D52F9132195F2085007A08E1 /* WhereISSTests.swift in Sources */ = {isa = PBXBuildFile; fileRef = D52F9131195F2085007A08E1 /* WhereISSTests.swift */; };
		D52F913C195F2243007A08E1 /* Satellite.swift in Sources */ = {isa = PBXBuildFile; fileRef = D52F913B195F2243007A08E1 /* Satellite.swift */; };
		D52F913E195F2805007A08E1 /* MapKit.framework in Frameworks */ = {isa = PBXBuildFile; fileRef = D52F913D195F2805007A08E1 /* MapKit.framework */; };
		D52F9145195F5E67007A08E1 /* NetworkManager.swift in Sources */ = {isa = PBXBuildFile; fileRef = D52F9144195F5E67007A08E1 /* NetworkManager.swift */; };
		D52F9147195F685D007A08E1 /* StatsViewController.swift in Sources */ = {isa = PBXBuildFile; fileRef = D52F9146195F685D007A08E1 /* StatsViewController.swift */; };
		D52F9148195F685D007A08E1 /* StatsViewController.swift in Sources */ = {isa = PBXBuildFile; fileRef = D52F9146195F685D007A08E1 /* StatsViewController.swift */; };
		D52F914A195F6F70007A08E1 /* iss.png in Resources */ = {isa = PBXBuildFile; fileRef = D52F9149195F6F70007A08E1 /* iss.png */; };
		D52F914C195F6F75007A08E1 /* globe.png in Resources */ = {isa = PBXBuildFile; fileRef = D52F914B195F6F75007A08E1 /* globe.png */; };
		D587F30D195F70FC00E50841 /* tiny_grid.png in Resources */ = {isa = PBXBuildFile; fileRef = D587F30C195F70FC00E50841 /* tiny_grid.png */; };
/* End PBXBuildFile section */

/* Begin PBXContainerItemProxy section */
		D52F912C195F2085007A08E1 /* PBXContainerItemProxy */ = {
			isa = PBXContainerItemProxy;
			containerPortal = D52F9111195F2085007A08E1 /* Project object */;
			proxyType = 1;
			remoteGlobalIDString = D52F9118195F2085007A08E1;
			remoteInfo = WhereISS;
		};
/* End PBXContainerItemProxy section */

/* Begin PBXFileReference section */
		D52F9119195F2085007A08E1 /* WhereISS.app */ = {isa = PBXFileReference; explicitFileType = wrapper.application; includeInIndex = 0; path = WhereISS.app; sourceTree = BUILT_PRODUCTS_DIR; };
		D52F911D195F2085007A08E1 /* Info.plist */ = {isa = PBXFileReference; lastKnownFileType = text.plist.xml; path = Info.plist; sourceTree = "<group>"; };
		D52F911E195F2085007A08E1 /* AppDelegate.swift */ = {isa = PBXFileReference; lastKnownFileType = sourcecode.swift; path = AppDelegate.swift; sourceTree = "<group>"; };
		D52F9120195F2085007A08E1 /* MapViewController.swift */ = {isa = PBXFileReference; lastKnownFileType = sourcecode.swift; path = MapViewController.swift; sourceTree = "<group>"; };
		D52F9123195F2085007A08E1 /* Base */ = {isa = PBXFileReference; lastKnownFileType = file.storyboard; name = Base; path = Base.lproj/Main.storyboard; sourceTree = "<group>"; };
		D52F9125195F2085007A08E1 /* Images.xcassets */ = {isa = PBXFileReference; lastKnownFileType = folder.assetcatalog; path = Images.xcassets; sourceTree = "<group>"; };
		D52F912B195F2085007A08E1 /* WhereISSTests.xctest */ = {isa = PBXFileReference; explicitFileType = wrapper.cfbundle; includeInIndex = 0; path = WhereISSTests.xctest; sourceTree = BUILT_PRODUCTS_DIR; };
		D52F9130195F2085007A08E1 /* Info.plist */ = {isa = PBXFileReference; lastKnownFileType = text.plist.xml; path = Info.plist; sourceTree = "<group>"; };
		D52F9131195F2085007A08E1 /* WhereISSTests.swift */ = {isa = PBXFileReference; lastKnownFileType = sourcecode.swift; path = WhereISSTests.swift; sourceTree = "<group>"; };
		D52F913B195F2243007A08E1 /* Satellite.swift */ = {isa = PBXFileReference; fileEncoding = 4; lastKnownFileType = sourcecode.swift; path = Satellite.swift; sourceTree = "<group>"; };
		D52F913D195F2805007A08E1 /* MapKit.framework */ = {isa = PBXFileReference; lastKnownFileType = wrapper.framework; name = MapKit.framework; path = System/Library/Frameworks/MapKit.framework; sourceTree = SDKROOT; };
		D52F9144195F5E67007A08E1 /* NetworkManager.swift */ = {isa = PBXFileReference; fileEncoding = 4; lastKnownFileType = sourcecode.swift; path = NetworkManager.swift; sourceTree = "<group>"; };
		D52F9146195F685D007A08E1 /* StatsViewController.swift */ = {isa = PBXFileReference; fileEncoding = 4; lastKnownFileType = sourcecode.swift; path = StatsViewController.swift; sourceTree = "<group>"; };
		D52F9149195F6F70007A08E1 /* iss.png */ = {isa = PBXFileReference; lastKnownFileType = image.png; name = iss.png; path = Images/iss.png; sourceTree = "<group>"; };
		D52F914B195F6F75007A08E1 /* globe.png */ = {isa = PBXFileReference; lastKnownFileType = image.png; name = globe.png; path = Images/globe.png; sourceTree = "<group>"; };
		D587F30C195F70FC00E50841 /* tiny_grid.png */ = {isa = PBXFileReference; lastKnownFileType = image.png; name = tiny_grid.png; path = Images/tiny_grid.png; sourceTree = "<group>"; };
/* End PBXFileReference section */

/* Begin PBXFrameworksBuildPhase section */
		D52F9116195F2085007A08E1 /* Frameworks */ = {
			isa = PBXFrameworksBuildPhase;
			buildActionMask = 2147483647;
			files = (
				D52F913E195F2805007A08E1 /* MapKit.framework in Frameworks */,
			);
			runOnlyForDeploymentPostprocessing = 0;
		};
		D52F9128195F2085007A08E1 /* Frameworks */ = {
			isa = PBXFrameworksBuildPhase;
			buildActionMask = 2147483647;
			files = (
			);
			runOnlyForDeploymentPostprocessing = 0;
		};
/* End PBXFrameworksBuildPhase section */

/* Begin PBXGroup section */
		D52F9110195F2085007A08E1 = {
			isa = PBXGroup;
			children = (
				D52F913D195F2805007A08E1 /* MapKit.framework */,
				D52F911B195F2085007A08E1 /* WhereISS */,
				D52F912E195F2085007A08E1 /* WhereISSTests */,
				D52F911A195F2085007A08E1 /* Products */,
			);
			sourceTree = "<group>";
		};
		D52F911A195F2085007A08E1 /* Products */ = {
			isa = PBXGroup;
			children = (
				D52F9119195F2085007A08E1 /* WhereISS.app */,
				D52F912B195F2085007A08E1 /* WhereISSTests.xctest */,
			);
			name = Products;
			sourceTree = "<group>";
		};
		D52F911B195F2085007A08E1 /* WhereISS */ = {
			isa = PBXGroup;
			children = (
				D52F911E195F2085007A08E1 /* AppDelegate.swift */,
				D52F913B195F2243007A08E1 /* Satellite.swift */,
				D52F9144195F5E67007A08E1 /* NetworkManager.swift */,
				D52F9120195F2085007A08E1 /* MapViewController.swift */,
				D52F9146195F685D007A08E1 /* StatsViewController.swift */,
				D52F9122195F2085007A08E1 /* Main.storyboard */,
				D52F9125195F2085007A08E1 /* Images.xcassets */,
				D52F911C195F2085007A08E1 /* Supporting Files */,
				D52F913F195F5558007A08E1 /* Images */,
			);
			path = WhereISS;
			sourceTree = "<group>";
		};
		D52F911C195F2085007A08E1 /* Supporting Files */ = {
			isa = PBXGroup;
			children = (
				D52F911D195F2085007A08E1 /* Info.plist */,
			);
			name = "Supporting Files";
			sourceTree = "<group>";
		};
		D52F912E195F2085007A08E1 /* WhereISSTests */ = {
			isa = PBXGroup;
			children = (
				D52F9131195F2085007A08E1 /* WhereISSTests.swift */,
				D52F912F195F2085007A08E1 /* Supporting Files */,
			);
			path = WhereISSTests;
			sourceTree = "<group>";
		};
		D52F912F195F2085007A08E1 /* Supporting Files */ = {
			isa = PBXGroup;
			children = (
				D52F9130195F2085007A08E1 /* Info.plist */,
			);
			name = "Supporting Files";
			sourceTree = "<group>";
		};
		D52F913F195F5558007A08E1 /* Images */ = {
			isa = PBXGroup;
			children = (
				D587F30C195F70FC00E50841 /* tiny_grid.png */,
				D52F914B195F6F75007A08E1 /* globe.png */,
				D52F9149195F6F70007A08E1 /* iss.png */,
			);
			name = Images;
			sourceTree = "<group>";
		};
/* End PBXGroup section */

/* Begin PBXNativeTarget section */
		D52F9118195F2085007A08E1 /* WhereISS */ = {
			isa = PBXNativeTarget;
			buildConfigurationList = D52F9135195F2085007A08E1 /* Build configuration list for PBXNativeTarget "WhereISS" */;
			buildPhases = (
				D52F9115195F2085007A08E1 /* Sources */,
				D52F9116195F2085007A08E1 /* Frameworks */,
				D52F9117195F2085007A08E1 /* Resources */,
			);
			buildRules = (
			);
			dependencies = (
			);
			name = WhereISS;
			productName = WhereISS;
			productReference = D52F9119195F2085007A08E1 /* WhereISS.app */;
			productType = "com.apple.product-type.application";
		};
		D52F912A195F2085007A08E1 /* WhereISSTests */ = {
			isa = PBXNativeTarget;
			buildConfigurationList = D52F9138195F2085007A08E1 /* Build configuration list for PBXNativeTarget "WhereISSTests" */;
			buildPhases = (
				D52F9127195F2085007A08E1 /* Sources */,
				D52F9128195F2085007A08E1 /* Frameworks */,
				D52F9129195F2085007A08E1 /* Resources */,
			);
			buildRules = (
			);
			dependencies = (
				D52F912D195F2085007A08E1 /* PBXTargetDependency */,
			);
			name = WhereISSTests;
			productName = WhereISSTests;
			productReference = D52F912B195F2085007A08E1 /* WhereISSTests.xctest */;
			productType = "com.apple.product-type.bundle.unit-test";
		};
/* End PBXNativeTarget section */

/* Begin PBXProject section */
		D52F9111195F2085007A08E1 /* Project object */ = {
			isa = PBXProject;
			attributes = {
				LastUpgradeCheck = 0600;
				ORGANIZATIONNAME = jmyrose;
				TargetAttributes = {
					D52F9118195F2085007A08E1 = {
						CreatedOnToolsVersion = 6.0;
					};
					D52F912A195F2085007A08E1 = {
						CreatedOnToolsVersion = 6.0;
						TestTargetID = D52F9118195F2085007A08E1;
					};
				};
			};
			buildConfigurationList = D52F9114195F2085007A08E1 /* Build configuration list for PBXProject "WhereISS" */;
			compatibilityVersion = "Xcode 3.2";
			developmentRegion = English;
			hasScannedForEncodings = 0;
			knownRegions = (
				en,
				Base,
			);
			mainGroup = D52F9110195F2085007A08E1;
			productRefGroup = D52F911A195F2085007A08E1 /* Products */;
			projectDirPath = "";
			projectRoot = "";
			targets = (
				D52F9118195F2085007A08E1 /* WhereISS */,
				D52F912A195F2085007A08E1 /* WhereISSTests */,
			);
		};
/* End PBXProject section */

/* Begin PBXResourcesBuildPhase section */
		D52F9117195F2085007A08E1 /* Resources */ = {
			isa = PBXResourcesBuildPhase;
			buildActionMask = 2147483647;
			files = (
				D52F914A195F6F70007A08E1 /* iss.png in Resources */,
				D587F30D195F70FC00E50841 /* tiny_grid.png in Resources */,
				D52F914C195F6F75007A08E1 /* globe.png in Resources */,
				D52F9124195F2085007A08E1 /* Main.storyboard in Resources */,
				D52F9126195F2085007A08E1 /* Images.xcassets in Resources */,
			);
			runOnlyForDeploymentPostprocessing = 0;
		};
		D52F9129195F2085007A08E1 /* Resources */ = {
			isa = PBXResourcesBuildPhase;
			buildActionMask = 2147483647;
			files = (
			);
			runOnlyForDeploymentPostprocessing = 0;
		};
/* End PBXResourcesBuildPhase section */

/* Begin PBXSourcesBuildPhase section */
		D52F9115195F2085007A08E1 /* Sources */ = {
			isa = PBXSourcesBuildPhase;
			buildActionMask = 2147483647;
			files = (
				D52F9145195F5E67007A08E1 /* NetworkManager.swift in Sources */,
				D52F9121195F2085007A08E1 /* MapViewController.swift in Sources */,
				D52F911F195F2085007A08E1 /* AppDelegate.swift in Sources */,
				D52F9147195F685D007A08E1 /* StatsViewController.swift in Sources */,
				D52F913C195F2243007A08E1 /* Satellite.swift in Sources */,
			);
			runOnlyForDeploymentPostprocessing = 0;
		};
		D52F9127195F2085007A08E1 /* Sources */ = {
			isa = PBXSourcesBuildPhase;
			buildActionMask = 2147483647;
			files = (
				D52F9148195F685D007A08E1 /* StatsViewController.swift in Sources */,
				D52F9132195F2085007A08E1 /* WhereISSTests.swift in Sources */,
			);
			runOnlyForDeploymentPostprocessing = 0;
		};
/* End PBXSourcesBuildPhase section */

/* Begin PBXTargetDependency section */
		D52F912D195F2085007A08E1 /* PBXTargetDependency */ = {
			isa = PBXTargetDependency;
			target = D52F9118195F2085007A08E1 /* WhereISS */;
			targetProxy = D52F912C195F2085007A08E1 /* PBXContainerItemProxy */;
		};
/* End PBXTargetDependency section */

/* Begin PBXVariantGroup section */
		D52F9122195F2085007A08E1 /* Main.storyboard */ = {
			isa = PBXVariantGroup;
			children = (
				D52F9123195F2085007A08E1 /* Base */,
			);
			name = Main.storyboard;
			sourceTree = "<group>";
		};
/* End PBXVariantGroup section */

/* Begin XCBuildConfiguration section */
		D52F9133195F2085007A08E1 /* Debug */ = {
			isa = XCBuildConfiguration;
			buildSettings = {
				ALWAYS_SEARCH_USER_PATHS = NO;
				CLANG_CXX_LANGUAGE_STANDARD = "gnu++0x";
				CLANG_CXX_LIBRARY = "libc++";
				CLANG_ENABLE_MODULES = YES;
				CLANG_ENABLE_OBJC_ARC = YES;
				CLANG_WARN_BOOL_CONVERSION = YES;
				CLANG_WARN_CONSTANT_CONVERSION = YES;
				CLANG_WARN_DIRECT_OBJC_ISA_USAGE = YES_ERROR;
				CLANG_WARN_EMPTY_BODY = YES;
				CLANG_WARN_ENUM_CONVERSION = YES;
				CLANG_WARN_INT_CONVERSION = YES;
				CLANG_WARN_OBJC_ROOT_CLASS = YES_ERROR;
				CLANG_WARN_UNREACHABLE_CODE = YES;
				CLANG_WARN__DUPLICATE_METHOD_MATCH = YES;
				"CODE_SIGN_IDENTITY[sdk=iphoneos*]" = "iPhone Developer";
				COPY_PHASE_STRIP = NO;
				ENABLE_STRICT_OBJC_MSGSEND = YES;
				GCC_C_LANGUAGE_STANDARD = gnu99;
				GCC_DYNAMIC_NO_PIC = NO;
				GCC_OPTIMIZATION_LEVEL = 0;
				GCC_PREPROCESSOR_DEFINITIONS = (
					"DEBUG=1",
					"$(inherited)",
				);
				GCC_SYMBOLS_PRIVATE_EXTERN = NO;
				GCC_WARN_64_TO_32_BIT_CONVERSION = YES;
				GCC_WARN_ABOUT_RETURN_TYPE = YES_ERROR;
				GCC_WARN_UNDECLARED_SELECTOR = YES;
				GCC_WARN_UNINITIALIZED_AUTOS = YES_AGGRESSIVE;
				GCC_WARN_UNUSED_FUNCTION = YES;
				GCC_WARN_UNUSED_VARIABLE = YES;
				IPHONEOS_DEPLOYMENT_TARGET = 8.0;
				METAL_ENABLE_DEBUG_INFO = YES;
				ONLY_ACTIVE_ARCH = YES;
				SDKROOT = iphoneos;
				SWIFT_OPTIMIZATION_LEVEL = "-Onone";
				TARGETED_DEVICE_FAMILY = "1,2";
			};
			name = Debug;
		};
		D52F9134195F2085007A08E1 /* Release */ = {
			isa = XCBuildConfiguration;
			buildSettings = {
				ALWAYS_SEARCH_USER_PATHS = NO;
				CLANG_CXX_LANGUAGE_STANDARD = "gnu++0x";
				CLANG_CXX_LIBRARY = "libc++";
				CLANG_ENABLE_MODULES = YES;
				CLANG_ENABLE_OBJC_ARC = YES;
				CLANG_WARN_BOOL_CONVERSION = YES;
				CLANG_WARN_CONSTANT_CONVERSION = YES;
				CLANG_WARN_DIRECT_OBJC_ISA_USAGE = YES_ERROR;
				CLANG_WARN_EMPTY_BODY = YES;
				CLANG_WARN_ENUM_CONVERSION = YES;
				CLANG_WARN_INT_CONVERSION = YES;
				CLANG_WARN_OBJC_ROOT_CLASS = YES_ERROR;
				CLANG_WARN_UNREACHABLE_CODE = YES;
				CLANG_WARN__DUPLICATE_METHOD_MATCH = YES;
				"CODE_SIGN_IDENTITY[sdk=iphoneos*]" = "iPhone Developer";
				COPY_PHASE_STRIP = YES;
				ENABLE_NS_ASSERTIONS = NO;
				ENABLE_STRICT_OBJC_MSGSEND = YES;
				GCC_C_LANGUAGE_STANDARD = gnu99;
				GCC_WARN_64_TO_32_BIT_CONVERSION = YES;
				GCC_WARN_ABOUT_RETURN_TYPE = YES_ERROR;
				GCC_WARN_UNDECLARED_SELECTOR = YES;
				GCC_WARN_UNINITIALIZED_AUTOS = YES_AGGRESSIVE;
				GCC_WARN_UNUSED_FUNCTION = YES;
				GCC_WARN_UNUSED_VARIABLE = YES;
				IPHONEOS_DEPLOYMENT_TARGET = 8.0;
				METAL_ENABLE_DEBUG_INFO = NO;
				SDKROOT = iphoneos;
				TARGETED_DEVICE_FAMILY = "1,2";
				VALIDATE_PRODUCT = YES;
			};
			name = Release;
		};
		D52F9136195F2085007A08E1 /* Debug */ = {
			isa = XCBuildConfiguration;
			buildSettings = {
				ASSETCATALOG_COMPILER_APPICON_NAME = AppIcon;
				ASSETCATALOG_COMPILER_LAUNCHIMAGE_NAME = LaunchImage;
				INFOPLIST_FILE = WhereISS/Info.plist;
				LD_RUNPATH_SEARCH_PATHS = "$(inherited) @executable_path/Frameworks";
				PRODUCT_NAME = "$(TARGET_NAME)";
			};
			name = Debug;
		};
		D52F9137195F2085007A08E1 /* Release */ = {
			isa = XCBuildConfiguration;
			buildSettings = {
				ASSETCATALOG_COMPILER_APPICON_NAME = AppIcon;
				ASSETCATALOG_COMPILER_LAUNCHIMAGE_NAME = LaunchImage;
				INFOPLIST_FILE = WhereISS/Info.plist;
				LD_RUNPATH_SEARCH_PATHS = "$(inherited) @executable_path/Frameworks";
				PRODUCT_NAME = "$(TARGET_NAME)";
			};
			name = Release;
		};
		D52F9139195F2085007A08E1 /* Debug */ = {
			isa = XCBuildConfiguration;
			buildSettings = {
				BUNDLE_LOADER = "$(BUILT_PRODUCTS_DIR)/WhereISS.app/WhereISS";
				FRAMEWORK_SEARCH_PATHS = (
					"$(SDKROOT)/Developer/Library/Frameworks",
					"$(inherited)",
				);
				GCC_PREPROCESSOR_DEFINITIONS = (
					"DEBUG=1",
					"$(inherited)",
				);
				INFOPLIST_FILE = WhereISSTests/Info.plist;
				LD_RUNPATH_SEARCH_PATHS = "$(inherited) @executable_path/Frameworks @loader_path/Frameworks";
				METAL_ENABLE_DEBUG_INFO = YES;
				PRODUCT_NAME = "$(TARGET_NAME)";
				TEST_HOST = "$(BUNDLE_LOADER)";
			};
			name = Debug;
		};
		D52F913A195F2085007A08E1 /* Release */ = {
			isa = XCBuildConfiguration;
			buildSettings = {
				BUNDLE_LOADER = "$(BUILT_PRODUCTS_DIR)/WhereISS.app/WhereISS";
				FRAMEWORK_SEARCH_PATHS = (
					"$(SDKROOT)/Developer/Library/Frameworks",
					"$(inherited)",
				);
				INFOPLIST_FILE = WhereISSTests/Info.plist;
				LD_RUNPATH_SEARCH_PATHS = "$(inherited) @executable_path/Frameworks @loader_path/Frameworks";
				METAL_ENABLE_DEBUG_INFO = NO;
				PRODUCT_NAME = "$(TARGET_NAME)";
				TEST_HOST = "$(BUNDLE_LOADER)";
			};
			name = Release;
		};
/* End XCBuildConfiguration section */

/* Begin XCConfigurationList section */
		D52F9114195F2085007A08E1 /* Build configuration list for PBXProject "WhereISS" */ = {
			isa = XCConfigurationList;
			buildConfigurations = (
				D52F9133195F2085007A08E1 /* Debug */,
				D52F9134195F2085007A08E1 /* Release */,
			);
			defaultConfigurationIsVisible = 0;
			defaultConfigurationName = Release;
		};
		D52F9135195F2085007A08E1 /* Build configuration list for PBXNativeTarget "WhereISS" */ = {
			isa = XCConfigurationList;
			buildConfigurations = (
				D52F9136195F2085007A08E1 /* Debug */,
				D52F9137195F2085007A08E1 /* Release */,
			);
			defaultConfigurationIsVisible = 0;
			defaultConfigurationName = Release;
		};
		D52F9138195F2085007A08E1 /* Build configuration list for PBXNativeTarget "WhereISSTests" */ = {
			isa = XCConfigurationList;
			buildConfigurations = (
				D52F9139195F2085007A08E1 /* Debug */,
				D52F913A195F2085007A08E1 /* Release */,
			);
			defaultConfigurationIsVisible = 0;
			defaultConfigurationName = Release;
		};
/* End XCConfigurationList section */
	};
	rootObject = D52F9111195F2085007A08E1 /* Project object */;
}
